PODS:
  - AFNetworking (4.0.1):
    - AFNetworking/NSURLSession (= 4.0.1)
    - AFNetworking/Reachability (= 4.0.1)
    - AFNetworking/Security (= 4.0.1)
    - AFNetworking/Serialization (= 4.0.1)
    - AFNetworking/UIKit (= 4.0.1)
  - AFNetworking/NSURLSession (4.0.1):
    - AFNetworking/Reachability
    - AFNetworking/Security
    - AFNetworking/Serialization
  - AFNetworking/Reachability (4.0.1)
  - AFNetworking/Security (4.0.1)
  - AFNetworking/Serialization (4.0.1)
  - AFNetworking/UIKit (4.0.1):
    - AFNetworking/NSURLSession
  - MMKV (1.2.7):
    - MMKVCore (~> 1.2.7)
  - MMKVCore (1.2.7)

DEPENDENCIES:
  - AFNetworking
  - MMKV

SPEC REPOS:
  trunk:
    - AFNetworking
    - MMKV
    - MMKVCore

SPEC CHECKSUMS:
  AFNetworking: 7864c38297c79aaca1500c33288e429c3451fdce
  MMKV: 22e5136f7d00197bc0fc9694b7f71519f0d1ca12
  MMKVCore: 607b7b05f2c2140056b5d338e45f2c14bf3f4232

PODFILE CHECKSUM: 1a87c1930cdd5b0600e881f4fb4b4b2ef9feada0

COCOAPODS: 1.10.0
